
Microsoft Visual Studio Solution File, Format Version 12.00
# Visual Studio Version 17
VisualStudioVersion = 17.1.32319.34
MinimumVisualStudioVersion = 10.0.40219.1
Project("{FAE04EC0-301F-11D3-BF4B-00C04F79EFBC}") = "SectorApp", "SectorApp\SectorApp.csproj", "{5727E3B5-3664-4EA6-9709-362316DCD6C0}"
EndProject
Project("{FAE04EC0-301F-11D3-BF4B-00C04F79EFBC}") = "SectorApp.Tests", "SectorApp.Tests\SectorApp.Tests.csproj", "{38348B94-2967-4B6E-8351-F98997BBB240}"
EndProject
Global
	GlobalSection(SolutionConfigurationPlatforms) = preSolution
		Debug|Any CPU = Debug|Any CPU
		Release|Any CPU = Release|Any CPU
	EndGlobalSection
	GlobalSection(ProjectConfigurationPlatforms) = postSolution
		{5727E3B5-3664-4EA6-9709-362316DCD6C0}.Debug|Any CPU.ActiveCfg = Debug|Any CPU
		{5727E3B5-3664-4EA6-9709-362316DCD6C0}.Debug|Any CPU.Build.0 = Debug|Any CPU
		{5727E3B5-3664-4EA6-9709-362316DCD6C0}.Release|Any CPU.ActiveCfg = Release|Any CPU
		{5727E3B5-3664-4EA6-9709-362316DCD6C0}.Release|Any CPU.Build.0 = Release|Any CPU
		{38348B94-2967-4B6E-8351-F98997BBB240}.Debug|Any CPU.ActiveCfg = Debug|Any CPU
		{38348B94-2967-4B6E-8351-F98997BBB240}.Debug|Any CPU.Build.0 = Debug|Any CPU
		{38348B94-2967-4B6E-8351-F98997BBB240}.Release|Any CPU.ActiveCfg = Release|Any CPU
		{38348B94-2967-4B6E-8351-F98997BBB240}.Release|Any CPU.Build.0 = Release|Any CPU
	EndGlobalSection
	GlobalSection(SolutionProperties) = preSolution
		HideSolutionNode = FALSE
	EndGlobalSection
	GlobalSection(ExtensibilityGlobals) = postSolution
		SolutionGuid = {95F29869-7952-471C-8C62-AF6833199085}
	EndGlobalSection
EndGlobal
